
Microsoft Visual Studio Solution File, Format Version 12.00
# Visual Studio 15
VisualStudioVersion = 15.0.27703.2026
MinimumVisualStudioVersion = 10.0.40219.1
Project("{FAE04EC0-301F-11D3-BF4B-00C04F79EFBC}") = "MessageApplication", "MessageApplication\MessageApplication.csproj", "{56116BA6-8B33-47D0-9A7C-9F31D7811279}"
EndProject
Global
	GlobalSection(SolutionConfigurationPlatforms) = preSolution
		Debug|Any CPU = Debug|Any CPU
		Release|Any CPU = Release|Any CPU
	EndGlobalSection
	GlobalSection(ProjectConfigurationPlatforms) = postSolution
		{56116BA6-8B33-47D0-9A7C-9F31D7811279}.Debug|Any CPU.ActiveCfg = Debug|Any CPU
		{56116BA6-8B33-47D0-9A7C-9F31D7811279}.Debug|Any CPU.Build.0 = Debug|Any CPU
		{56116BA6-8B33-47D0-9A7C-9F31D7811279}.Release|Any CPU.ActiveCfg = Release|Any CPU
		{56116BA6-8B33-47D0-9A7C-9F31D7811279}.Release|Any CPU.Build.0 = Release|Any CPU
	EndGlobalSection
	GlobalSection(SolutionProperties) = preSolution
		HideSolutionNode = FALSE
	EndGlobalSection
	GlobalSection(ExtensibilityGlobals) = postSolution
		SolutionGuid = {8AB9808F-207E-427D-A37A-824129642A95}
	EndGlobalSection
EndGlobal
